
Microsoft Visual Studio Solution File, Format Version 12.00
# Visual Studio Version 17
VisualStudioVersion = 17.3.32922.545
MinimumVisualStudioVersion = 10.0.40219.1
Project("{9A19103F-16F7-4668-BE54-9A1E7A4F7556}") = "App_data", "App_data\App_data.csproj", "{966BADF0-6D09-43C1-BDD1-3922DB164C7A}"
EndProject
Project("{9A19103F-16F7-4668-BE54-9A1E7A4F7556}") = "App_API", "App_API\App_API.csproj", "{C1D3A8AF-0A67-448A-8891-A4B280B0BEDB}"
EndProject
Project("{9A19103F-16F7-4668-BE54-9A1E7A4F7556}") = "App_banAo", "App_banAo\App_banAo.csproj", "{2845D0A7-F2AE-4A9B-9779-297EC53B7EF2}"
EndProject
Global
	GlobalSection(SolutionConfigurationPlatforms) = preSolution
		Debug|Any CPU = Debug|Any CPU
		Release|Any CPU = Release|Any CPU
	EndGlobalSection
	GlobalSection(ProjectConfigurationPlatforms) = postSolution
		{966BADF0-6D09-43C1-BDD1-3922DB164C7A}.Debug|Any CPU.ActiveCfg = Debug|Any CPU
		{966BADF0-6D09-43C1-BDD1-3922DB164C7A}.Debug|Any CPU.Build.0 = Debug|Any CPU
		{966BADF0-6D09-43C1-BDD1-3922DB164C7A}.Release|Any CPU.ActiveCfg = Release|Any CPU
		{966BADF0-6D09-43C1-BDD1-3922DB164C7A}.Release|Any CPU.Build.0 = Release|Any CPU
		{C1D3A8AF-0A67-448A-8891-A4B280B0BEDB}.Debug|Any CPU.ActiveCfg = Debug|Any CPU
		{C1D3A8AF-0A67-448A-8891-A4B280B0BEDB}.Debug|Any CPU.Build.0 = Debug|Any CPU
		{C1D3A8AF-0A67-448A-8891-A4B280B0BEDB}.Release|Any CPU.ActiveCfg = Release|Any CPU
		{C1D3A8AF-0A67-448A-8891-A4B280B0BEDB}.Release|Any CPU.Build.0 = Release|Any CPU
		{2845D0A7-F2AE-4A9B-9779-297EC53B7EF2}.Debug|Any CPU.ActiveCfg = Debug|Any CPU
		{2845D0A7-F2AE-4A9B-9779-297EC53B7EF2}.Debug|Any CPU.Build.0 = Debug|Any CPU
		{2845D0A7-F2AE-4A9B-9779-297EC53B7EF2}.Release|Any CPU.ActiveCfg = Release|Any CPU
		{2845D0A7-F2AE-4A9B-9779-297EC53B7EF2}.Release|Any CPU.Build.0 = Release|Any CPU
	EndGlobalSection
	GlobalSection(SolutionProperties) = preSolution
		HideSolutionNode = FALSE
	EndGlobalSection
	GlobalSection(ExtensibilityGlobals) = postSolution
		SolutionGuid = {CBA7D91F-B2B6-48E7-BC2F-3D9A43BE4940}
	EndGlobalSection
EndGlobal
